{
  "requires": true,
  "lockfileVersion": 1,
  "dependencies": {
    "@types/node": {
      "version": "20.11.19",
      "resolved": "https://registry.npmjs.org/@types/node/-/node-20.11.19.tgz",
      "integrity": "sha512-7xMnVEcZFu0DikYjWOlRq7NTPETrm7teqUT2WkQjrTIkEgUyyGdWsj/Zg8bEJt5TNklzbPD1X3fqfsHw3SpapQ==",
      "dev": true,
      "requires": {
        "undici-types": "~5.26.4"
      }
    },
    "@types/sqlite3": {
      "version": "3.1.11",
      "resolved": "https://registry.npmjs.org/@types/sqlite3/-/sqlite3-3.1.11.tgz",
      "integrity": "sha512-KYF+QgxAnnAh7DWPdNDroxkDI3/MspH1NMx6m/N/6fT1G6+jvsw4/ZePt8R8cr7ta58aboeTfYFBDxTJ5yv15w==",
      "dev": true,
      "requires": {
        "@types/node": "*"
      }
    },
    "types-registry": {
      "version": "0.1.684",
      "resolved": "https://registry.npmjs.org/types-registry/-/types-registry-0.1.684.tgz",
      "integrity": "sha512-B6v+g9M+7IJSc1w2THOmTuRKvd/ACxZTGXM18E8MzpHWx1mGUvGGT+RXsSnxNpyqtbjWLeXj8uyyu/MxVOS3xw=="
    },
    "undici-types": {
      "version": "5.26.5",
      "resolved": "https://registry.npmjs.org/undici-types/-/undici-types-5.26.5.tgz",
      "integrity": "sha512-JlCMO+ehdEIKqlFxk6IfVoAUVmgz7cU7zD/h9XZ0qzeosSHmUJVOzSQvvYSYWXkFXC+IfLKSIffhv0sVZup6pA==",
      "dev": true
    }
  }
}
